<?xml version="1.0" encoding="utf-8"?>
<Project ToolsVersion="4.0" xmlns="http://schemas.microsoft.com/developer/msbuild/2003">
  <ItemGroup>
    <FxCompile Include="Shaders\MophingMesh.fx" />
    <FxCompile Include="source\Shader\WhirlPoolRenderer.fx" />
    <FxCompile Include="Shaders\BloomFilter.fx" />
    <FxCompile Include="Shaders\BlurFilter.fx" />
    <FxCompile Include="Shaders\CrossBlur.fx" />
    <FxCompile Include="Shaders\CRTFilter.fx" />
    <FxCompile Include="Shaders\DepthRenderer.fx" />
    <FxCompile Include="Shaders\DepthShadow.fx" />
    <FxCompile Include="Shaders\HexaCrossBlur.fx" />
    <FxCompile Include="Shaders\InstancingMesh.fx" />
    <FxCompile Include="Shaders\MonotoneFilter.fx" />
    <FxCompile Include="Shaders\particle3D.fx" />
    <FxCompile Include="Shaders\ShockBlur.fx" />
    <FxCompile Include="Shaders\SpeedBlur.fx" />
    <FxCompile Include="Shaders\SpikeNoise.fx" />
    <FxCompile Include="Shaders\Sprite.fx" />
    <FxCompile Include="Shaders\StrongBlurFilter.fx" />
    <FxCompile Include="source\Shader\RiverRenderer.fx" />
    <FxCompile Include="source\Shader\SpaceGridRenderer.fx" />
  </ItemGroup>
  <ItemGroup>
    <ClCompile Include="Framework\Animation\AnimationManager.cpp" />
    <ClCompile Include="Framework\Animation\AnimContainer.cpp" />
    <ClCompile Include="Framework\Animation\MyAllocateHierarchy.cpp" />
    <ClCompile Include="Framework\Camera\Camera.cpp" />
    <ClCompile Include="Framework\Camera\CameraTranslationPlugin.cpp" />
    <ClCompile Include="Framework\Camera\CameraShakePlugin.cpp" />
    <ClCompile Include="Framework\Camera\ViewFrustum.cpp" />
    <ClCompile Include="Framework\Collider\BaseCollider.cpp" />
    <ClCompile Include="Framework\Collider\BoxCollider3D.cpp" />
    <ClCompile Include="Framework\Collider\ColliderManager.cpp" />
    <ClCompile Include="Framework\Core\BaseGame.cpp" />
    <ClCompile Include="Framework\Core\BaseScene.cpp" />
    <ClCompile Include="Framework\Core\GameObject.cpp" />
    <ClCompile Include="Framework\Core\PlayerPrefs.cpp" />
    <ClCompile Include="Framework\Core\SceneManager.cpp" />
    <ClCompile Include="Framework\Core\Transform.cpp" />
    <ClCompile Include="Framework\Effect\InstancingMeshEffect.cpp" />
    <ClCompile Include="Framework\Effect\MophingEffect.cpp" />
    <ClCompile Include="Framework\Effect\RendererEffect.cpp" />
    <ClCompile Include="Framework\Effect\SpriteEffect.cpp" />
    <ClCompile Include="Framework\Input\Gamepad.cpp" />
    <ClCompile Include="Framework\Input\input.cpp" />
    <ClCompile Include="Framework\Input\Keyboard.cpp" />
    <ClCompile Include="Framework\Input\Mouse.cpp" />
    <ClCompile Include="Framework\Light\Light.cpp" />
    <ClCompile Include="Framework\Math\Quaternion.cpp" />
    <ClCompile Include="Framework\Math\Vector3.cpp" />
    <ClCompile Include="Framework\Network\UDPClient.cpp" />
    <ClCompile Include="Framework\Network\UDPServer.cpp" />
    <ClCompile Include="Framework\Particle\2D\AnimationParticle2D.cpp" />
    <ClCompile Include="Framework\Particle\2D\Particle2D.cpp" />
    <ClCompile Include="Framework\Particle\3D\AnimationParticle3D.cpp" />
    <ClCompile Include="Framework\Particle\BaseEmitter.cpp" />
    <ClCompile Include="Framework\Particle\BaseParticle.cpp" />
    <ClCompile Include="Framework\Particle\BaseParticleController.cpp" />
    <ClCompile Include="Framework\Particle\3D\Particle3D.cpp" />
    <ClCompile Include="Framework\Particle\ParticleJsonParser.cpp" />
    <ClCompile Include="Framework\Particle\ParticleRenderer.cpp" />
    <ClCompile Include="Framework\Particle\SceneParticleManager.cpp" />
    <ClCompile Include="Framework\Pattern\ObserveSubject.cpp" />
    <ClCompile Include="Framework\PostEffect\BaseEffectController.cpp" />
    <ClCompile Include="Framework\PostEffect\BloomController.cpp" />
    <ClCompile Include="Framework\PostEffect\CrossFilterController.cpp" />
    <ClCompile Include="Framework\PostEffect\Effect\BloomFilter.cpp" />
    <ClCompile Include="Framework\PostEffect\Effect\BlurFilter.cpp" />
    <ClCompile Include="Framework\PostEffect\Effect\CrossBlurFilter.cpp" />
    <ClCompile Include="Framework\PostEffect\Effect\CRTFilter.cpp" />
    <ClCompile Include="Framework\PostEffect\Effect\MonotoneFilter.cpp" />
    <ClCompile Include="Framework\PostEffect\Effect\ShockBlur.cpp" />
    <ClCompile Include="Framework\PostEffect\Effect\SpeedBlurFilter.cpp" />
    <ClCompile Include="Framework\PostEffect\Effect\SpikeNoise.cpp" />
    <ClCompile Include="Framework\PostEffect\Effect\StrongBlurFilter.cpp" />
    <ClCompile Include="Framework\PostEffect\ScreenObject.cpp" />
    <ClCompile Include="Framework\PostEffect\ShockBlurController.cpp" />
    <ClCompile Include="Framework\PostEffect\SpeedBlurController.cpp" />
    <ClCompile Include="Framework\PostEffect\SpikeNoiseController.cpp" />
    <ClCompile Include="Framework\Renderer2D\CircleGauge.cpp" />
    <ClCompile Include="Framework\Renderer2D\Polygon2D.cpp" />
    <ClCompile Include="Framework\Renderer2D\TextViewer.cpp" />
    <ClCompile Include="Framework\Renderer3D\BillboardObject.cpp" />
    <ClCompile Include="Framework\Renderer3D\BillboardTransform.cpp" />
    <ClCompile Include="Framework\Renderer3D\BoardPolygon.cpp" />
    <ClCompile Include="Framework\Renderer3D\InstancingMeshContainer.cpp" />
    <ClCompile Include="Framework\Renderer3D\MeshContainer.cpp" />
    <ClCompile Include="Framework\Renderer3D\MophingMeshContainer.cpp" />
    <ClCompile Include="Framework\Renderer3D\SkyBox.cpp" />
    <ClCompile Include="Framework\Renderer3D\TransformObject.cpp" />
    <ClCompile Include="Framework\Renderer3D\Viewer3D.cpp" />
    <ClCompile Include="Framework\Resource\AnimationResource.cpp" />
    <ClCompile Include="Framework\Resource\MeshResource.cpp" />
    <ClCompile Include="Framework\Resource\PolygonResource.cpp" />
    <ClCompile Include="Framework\Resource\ResourceManager.cpp" />
    <ClCompile Include="Framework\Serial\SerialWrapper.cpp" />
    <ClCompile Include="Framework\Sound\BackgroundMusic.cpp" />
    <ClCompile Include="Framework\Sound\MusicClip.cpp" />
    <ClCompile Include="Framework\Sound\sound.cpp" />
    <ClCompile Include="Framework\Sound\SoundEffect.cpp" />
    <ClCompile Include="Framework\String\String.cpp" />
    <ClCompile Include="Framework\Task\DelayedTask.cpp" />
    <ClCompile Include="Framework\Task\PeriodicTask.cpp" />
    <ClCompile Include="Framework\Task\Task.cpp" />
    <ClCompile Include="Framework\Task\TaskManager.cpp" />
    <ClCompile Include="Framework\Tool\DebugWindow.cpp" />
    <ClCompile Include="Framework\Tool\ProfilerCPU.cpp" />
    <ClCompile Include="Framework\Transition\BaseTransitionMask.cpp" />
    <ClCompile Include="Framework\Transition\HexaPopTransitionMask.cpp" />
    <ClCompile Include="Framework\Transition\HexaRotTransitionMask.cpp" />
    <ClCompile Include="Framework\Transition\MistTransitionMask.cpp" />
    <ClCompile Include="Framework\Transition\TransitionController.cpp" />
    <ClCompile Include="Framework\Tween\Tween.cpp" />
    <ClCompile Include="Library\imgui\imgui.cpp" />
    <ClCompile Include="Library\imgui\imgui_demo.cpp" />
    <ClCompile Include="Library\imgui\imgui_draw.cpp" />
    <ClCompile Include="Library\imgui\imgui_impl_dx9.cpp" />
    <ClCompile Include="Library\imgui\imgui_impl_win32.cpp" />
    <ClCompile Include="Library\imgui\imgui_widgets.cpp" />
    <ClCompile Include="Library\json11\json11.cpp" />
    <ClCompile Include="main.cpp" />
    <ClCompile Include="source\Effect\CityParticleManager.cpp" />
    <ClCompile Include="source\Effect\GameParticleManager.cpp" />
    <ClCompile Include="source\Effect\Game\General\AngryFace.cpp" />
    <ClCompile Include="source\Effect\Game\City\BlueDebris.cpp" />
    <ClCompile Include="source\Effect\Game\City\BlueSpark.cpp" />
    <ClCompile Include="source\Effect\Game\General\AuraEffect.cpp" />
    <ClCompile Include="source\Effect\Game\General\Cloud.cpp" />
    <ClCompile Include="source\Effect\Game\General\Darkness.cpp" />
    <ClCompile Include="source\Effect\Game\General\EventInfo.cpp" />
    <ClCompile Include="source\Effect\Game\Space\Blackhole.cpp" />
    <ClCompile Include="source\Effect\Game\Space\StarDust.cpp" />
    <ClCompile Include="source\Effect\Game\World\WhirlPoolBubble.cpp" />
    <ClCompile Include="source\Effect\SpaceParticleManager.cpp" />
    <ClCompile Include="source\Effect\WorldParticleManager.cpp" />
    <ClCompile Include="source\Effect\Game\World\Bubble.cpp" />
    <ClCompile Include="source\Effect\Game\General\ColorfulDebris.cpp" />
    <ClCompile Include="source\Effect\Game\General\LinkLevelUp.cpp" />
    <ClCompile Include="source\Effect\Game\Space\MoveTail.cpp" />
    <ClCompile Include="source\Effect\Game\Space\SpaceTear.cpp" />
    <ClCompile Include="source\Effect\Game\Space\StarRoad.cpp" />
    <ClCompile Include="source\Effect\Game\General\TownExplosion.cpp" />
    <ClCompile Include="source\Effect\Game\General\ExplosionFlare.cpp" />
    <ClCompile Include="source\Effect\Game\General\MeteorExplosion.cpp" />
    <ClCompile Include="source\Effect\Game\World\WaterSmog.cpp" />
    <ClCompile Include="source\Effect\Game\General\WhiteSmog.cpp" />
    <ClCompile Include="source\Effect\TestParticleCamera.cpp" />
    <ClCompile Include="source\Effect\TestParticleManager.cpp" />
    <ClCompile Include="source\Event\EventActor\EventActorBase.cpp" />
    <ClCompile Include="source\Event\EventActor\PlanetActor.cpp" />
    <ClCompile Include="source\Event\EventActor\UFOActor.cpp" />
    <ClCompile Include="source\Event\EventBase.cpp" />
    <ClCompile Include="source\Event\EventController.cpp" />
    <ClCompile Include="source\Event\MinusEvent\AILevelDecreaseEvent.cpp" />
    <ClCompile Include="source\Event\MinusEvent\BanStockUseEvent.cpp" />
    <ClCompile Include="source\Event\MinusEvent\BeatGame.cpp" />
    <ClCompile Include="source\Event\MinusEvent\CityDestroyEvent.cpp" />
    <ClCompile Include="source\Event\PlusEvent\AILevelUpEvent.cpp" />
    <ClCompile Include="source\Event\MinusEvent\LinkLevelDecreaseEvent.cpp" />
    <ClCompile Include="source\Event\PlusEvent\CreateNewTown\NewTownEvent_City.cpp" />
    <ClCompile Include="source\Event\PlusEvent\CreateNewTown\NewTownEvent_Space.cpp" />
    <ClCompile Include="source\Event\PlusEvent\CreateNewTown\NewTownEvent_World.cpp" />
    <ClCompile Include="source\Event\PlusEvent\LinkLevelUpEvent.cpp" />
    <ClCompile Include="source\Event\PlusEvent\FamousPeopleEvent.cpp" />
    <ClCompile Include="source\Event\PlusEvent\CreateNewTown\NewTownEventCtrl.cpp" />
    <ClCompile Include="source\Event\PlusEvent\AllLinkLevelUpEvent.cpp" />
    <ClCompile Include="source\Event\PlusEvent\StockRecoveryEvent.cpp" />
    <ClCompile Include="source\Event\PlusEvent\TimeRecoveryEvent.cpp" />
    <ClCompile Include="source\FieldObject\Actor\BridgeActor.cpp" />
    <ClCompile Include="source\FieldObject\Actor\CityActor.cpp" />
    <ClCompile Include="source\FieldObject\Actor\CrossJunctionActor.cpp" />
    <ClCompile Include="source\FieldObject\Actor\CurveRoadActor.cpp" />
    <ClCompile Include="source\FieldObject\Actor\MountainActor.cpp" />
    <ClCompile Include="source\FieldObject\Actor\NoneActor.cpp" />
    <ClCompile Include="source\FieldObject\Actor\PlaceActor.cpp" />
    <ClCompile Include="source\FieldObject\Actor\RiverActor.cpp" />
    <ClCompile Include="source\FieldObject\Actor\StraightRoadActor.cpp" />
    <ClCompile Include="source\FieldObject\Actor\TJunctionActor.cpp" />
    <ClCompile Include="source\FieldObject\Animation\ActorAnimation.cpp" />
    <ClCompile Include="source\FieldObject\InfoController.cpp" />
    <ClCompile Include="source\FieldObject\Infomation\InfoDigit.cpp" />
    <ClCompile Include="source\FieldObject\Infomation\InfoActor.cpp" />
    <ClCompile Include="source\FieldObject\Infomation\LinkInfoActor.cpp" />
    <ClCompile Include="source\FieldObject\PassengerController.cpp" />
    <ClCompile Include="source\FieldObject\Passenger\PassengerActor.cpp" />
    <ClCompile Include="source\Field\ActorLoader.cpp" />
    <ClCompile Include="source\Field\Along\AlongActor.cpp" />
    <ClCompile Include="source\Field\Along\AlongController.cpp" />
    <ClCompile Include="source\Field\Along\AlongModel.cpp" />
    <ClCompile Include="source\FieldObject\Passenger\PassengerModel.cpp" />
    <ClCompile Include="source\Field\AStar\AStarController.cpp" />
    <ClCompile Include="source\Field\Camera\EventCamera.cpp" />
    <ClCompile Include="source\Field\Camera\FieldCamera.cpp" />
    <ClCompile Include="source\Field\Camera\Plugin\FieldCameraTranslationPlugin.cpp" />
    <ClCompile Include="source\Field\Camera\State\FieldCameraArround.cpp" />
    <ClCompile Include="source\Field\Camera\State\FieldCameraFar.cpp" />
    <ClCompile Include="source\Field\Camera\State\FieldCameraQuater.cpp" />
    <ClCompile Include="source\Field\Camera\State\FieldCameraRotate.cpp" />
    <ClCompile Include="source\Field\Camera\State\FieldCameraTransitionIn.cpp" />
    <ClCompile Include="source\Field\Camera\State\FieldCameraTransitionOut.cpp" />
    <ClCompile Include="source\Field\Controller\FieldDevelopper.cpp" />
    <ClCompile Include="source\Field\FieldConfig.cpp" />
    <ClCompile Include="source\Field\FieldController.cpp" />
    <ClCompile Include="source\Field\Object\BackGroundContainer.cpp" />
    <ClCompile Include="source\Field\Object\CityBackGroundContainer.cpp" />
    <ClCompile Include="source\Field\Object\FieldCursor.cpp" />
    <ClCompile Include="source\Field\FieldEventHandler.cpp" />
    <ClCompile Include="source\Field\Object\FieldGround.cpp" />
    <ClCompile Include="source\Field\Controller\FieldInput.cpp" />
    <ClCompile Include="source\Field\Object\FieldSkyBox.cpp" />
    <ClCompile Include="source\Field\Object\SpaceBackGroundContainer.cpp" />
    <ClCompile Include="source\Field\Object\WaterHeightController.cpp" />
    <ClCompile Include="source\Field\Object\WorldBackGroundContainer.cpp" />
    <ClCompile Include="source\Field\PlaceActorController.cpp" />
    <ClCompile Include="source\Field\Place\FieldJunctionModel.cpp" />
    <ClCompile Include="source\Field\Place\FieldPlaceContainer.cpp" />
    <ClCompile Include="source\Field\Place\FieldPlaceModel.cpp" />
    <ClCompile Include="source\Field\Place\FieldTownModel.cpp" />
    <ClCompile Include="source\Field\Place\OperatePlaceContainer.cpp" />
    <ClCompile Include="source\Field\Route\RouteModel.cpp" />
    <ClCompile Include="source\Field\Route\RouteProcessor.cpp" />
    <ClCompile Include="source\Field\State\BuildRoad.cpp" />
    <ClCompile Include="source\Field\State\FieldControllerIdle.cpp" />
    <ClCompile Include="source\Field\State\UseItem.cpp" />
    <ClCompile Include="source\GameMain.cpp" />
    <ClCompile Include="source\Reward\AchieveViewer.cpp" />
    <ClCompile Include="source\Reward\MaxCheckReward.cpp" />
    <ClCompile Include="source\Reward\StateReward.cpp" />
    <ClCompile Include="source\Reward\CountupReward.cpp" />
    <ClCompile Include="source\Reward\Reward.cpp" />
    <ClCompile Include="source\Reward\RewardController.cpp" />
    <ClCompile Include="source\Scene\GameScene.cpp" />
    <ClCompile Include="source\Scene\GameState\GameFarView.cpp" />
    <ClCompile Include="source\Scene\GameState\GameFinish.cpp" />
    <ClCompile Include="source\Scene\GameState\GameIdle.cpp" />
    <ClCompile Include="source\Scene\GameState\GameInit.cpp" />
    <ClCompile Include="source\Scene\GameState\GameLevelUp.cpp" />
    <ClCompile Include="source\Scene\GameState\GamePause.cpp" />
    <ClCompile Include="source\Scene\GameState\GameResult.cpp" />
    <ClCompile Include="source\Scene\GameState\GameTitle.cpp" />
    <ClCompile Include="source\Scene\GameState\GameTransitionOut.cpp" />
    <ClCompile Include="source\Scene\GameState\GameTransitionIn.cpp" />
    <ClCompile Include="source\Scene\ModelViewScene.cpp" />
    <ClCompile Include="source\Scene\MophingTestScene.cpp" />
    <ClCompile Include="source\Scene\ParticleTestScene.cpp" />
    <ClCompile Include="source\Scene\ResultScene.cpp" />
    <ClCompile Include="source\Scene\TitleScene.cpp" />
    <ClCompile Include="source\Score\Score.cpp" />
    <ClCompile Include="source\Shader\RiverEffect.cpp" />
    <ClCompile Include="source\Shader\WhirlPoolEffect.cpp" />
    <ClCompile Include="source\SubScreen\SubScreen.cpp" />
    <ClCompile Include="source\Viewer\Framework\ViewerAnimater\ViewerAnimater.cpp" />
    <ClCompile Include="source\Viewer\Framework\ViewerDrawer\BaseTextureDrawer.cpp" />
    <ClCompile Include="source\Viewer\Framework\ViewerDrawer\BaseViewerDrawer.cpp" />
    <ClCompile Include="source\Viewer\Framework\ViewerDrawer\CountViewerDrawer.cpp" />
    <ClCompile Include="source\Viewer\Framework\ViewerDrawer\PolygonDrawer.cpp" />
    <ClCompile Include="source\Viewer\Framework\ViewerDrawer\RotateViewerDrawer.cpp" />
    <ClCompile Include="source\Viewer\Framework\ViewerDrawer\TextureDrawer.cpp" />
    <ClCompile Include="source\Viewer\GameScene\BeatGameViewer\BeatGaugeViewer.cpp" />
    <ClCompile Include="source\Viewer\GameScene\BeatGameViewer\BeatResultViewer.cpp" />
    <ClCompile Include="source\Viewer\GameScene\BeatGameViewer\BeatStarterViewer.cpp" />
    <ClCompile Include="source\Viewer\GameScene\BeatGameViewer\BeatTimerViewer.cpp" />
    <ClCompile Include="source\Viewer\GameScene\BeatGameViewer\BeatTitleViewer.cpp" />
    <ClCompile Include="source\Viewer\GameScene\Controller\NameEntryViewer.cpp" />
    <ClCompile Include="source\Viewer\GameScene\Controller\ResultViewer.cpp" />
    <ClCompile Include="source\Viewer\GameScene\EventViewer\SealItemStockViewer.cpp" />
    <ClCompile Include="source\Viewer\GameScene\Controller\BeatGameViewer.cpp" />
    <ClCompile Include="source\Viewer\GameScene\EventViewer\EventMessage.cpp" />
    <ClCompile Include="source\Viewer\GameScene\EventViewer\EventTelop.cpp" />
    <ClCompile Include="source\Viewer\GameScene\Controller\EventViewer.cpp" />
    <ClCompile Include="source\Viewer\GameScene\FieldViewer\FieldErrorMessage.cpp" />
    <ClCompile Include="source\Viewer\GameScene\Controller\FieldViewer.cpp" />
    <ClCompile Include="source\Viewer\GameScene\FieldViewer\LinkLevelUpViewer.cpp" />
    <ClCompile Include="source\Viewer\GameScene\FieldViewer\OperationExplanationViewer.cpp" />
    <ClCompile Include="source\Viewer\GameScene\Controller\GameViewer.cpp" />
    <ClCompile Include="source\Viewer\GameScene\GameViewer\LevelViewer.cpp" />
    <ClCompile Include="source\Viewer\GameScene\GameViewer\ItemStockViewer.cpp" />
    <ClCompile Include="source\Viewer\GameScene\GameViewer\TimerViewer.cpp" />
    <ClCompile Include="source\Viewer\GameScene\GuideViewer\GuideActor.cpp" />
    <ClCompile Include="source\Viewer\GameScene\GuideViewer\GuideCallOutViewer.cpp" />
    <ClCompile Include="source\Viewer\GameScene\GuideViewer\GuideCamera.cpp" />
    <ClCompile Include="source\Viewer\GameScene\GuideViewer\GuideViewer.cpp" />
    <ClCompile Include="source\Viewer\GameScene\GuideViewer\GuideViewerBG.cpp" />
    <ClCompile Include="source\Viewer\GameScene\NameEntryViewer\NameEntryInput.cpp" />
    <ClCompile Include="source\Viewer\GameScene\NameEntryViewer\NameEntryReelViewer.cpp" />
    <ClCompile Include="source\Viewer\GameScene\ResultViewer\ResultScoreViewer.cpp" />
    <ClCompile Include="source\Viewer\NameViewer\NameViewer.cpp" />
    <ClCompile Include="source\Viewer\TitleScene\SelectCamera.cpp" />
    <ClCompile Include="source\Viewer\TitleScene\SelectLogo.cpp" />
    <ClCompile Include="source\Viewer\TitleScene\SelectViewer.cpp" />
    <ClCompile Include="source\Viewer\TitleScene\TitleLogo.cpp" />
    <ClCompile Include="source\Viewer\TitleScene\TitleViewer.cpp" />
    <ClCompile Include="source\Effect\Game\General\PunchEffect.cpp" />
    <ClCompile Include="source\Viewer\GameScene\GameViewer\GradeUpViewer.cpp" />
    <ClCompile Include="source\Viewer\GameScene\GameViewer\GradeNameViewer.cpp" />
    <ClCompile Include="source\Viewer\GameScene\GameViewer\GradeFrameViewer.cpp" />
    <ClCompile Include="source\Effect\Game\General\GaugeDebris.cpp" />
    <ClCompile Include="source\Reward\RewardNotifier.cpp" />
    <ClCompile Include="source\Viewer\TitleScene\RewardViewer.cpp" />
    <ClCompile Include="Framework\Renderer3D\MeshField.cpp" />
    <ClCompile Include="source\Field\Object\SpaceGrid.cpp" />
    <ClCompile Include="source\Shader\SpaceGridEffect.cpp" />
    <ClCompile Include="source\Viewer\GameScene\NameEntryViewer\NameEntryBgViewer.cpp" />
    <ClCompile Include="Framework\Resource\FontManager.cpp" />
    <ClCompile Include="source\Sound\SoundConfig.cpp" />
    <ClCompile Include="source\Sound\PlayBGM.cpp" />
    <ClCompile Include="source\Viewer\NameViewer\Name.cpp" />
    <ClCompile Include="source\Viewer\GameScene\GameViewer\TimeUpViewer.cpp" />
    <ClCompile Include="source\Viewer\GameScene\ResultViewer\ResultAchieveViewer.cpp" />
    <ClCompile Include="source\Scene\GameState\GameAchieveResult.cpp" />
    <ClCompile Include="source\ModelView\ModelViewCamera.cpp" />
    <ClCompile Include="source\Booth\BoothController.cpp" />
    <ClCompile Include="source\Presen\PresenDebugController.cpp" />
    <ClCompile Include="source\Effect\Game\General\EventHappen.cpp" />
    <ClCompile Include="source\Effect\Game\General\RouteEffect.cpp" />
    <ClCompile Include="source\Effect\Game\General\Linkup.cpp" />
    <ClCompile Include="source\Scene\GameState\GameTutorial.cpp" />
    <ClCompile Include="source\Field\Object\TutorialBackGroundContainer.cpp" />
  </ItemGroup>
  <ItemGroup>
    <ClInclude Include="Framework\Animation\AnimationManager.h" />
    <ClInclude Include="Framework\Animation\AnimContainer.h" />
    <ClInclude Include="Framework\Animation\MyAllocateHierarchy.h" />
    <ClInclude Include="Framework\Camera\Camera.h" />
    <ClInclude Include="Framework\Camera\CameraTranslationPlugin.h" />
    <ClInclude Include="Framework\Camera\CameraShakePlugin.h" />
    <ClInclude Include="Framework\Camera\ViewFrustum.h" />
    <ClInclude Include="Framework\Collider\BaseCollider.h" />
    <ClInclude Include="Framework\Collider\BoxCollider3D.h" />
    <ClInclude Include="Framework\Collider\ColliderManager.h" />
    <ClInclude Include="Framework\Collider\ColliderObserver.h" />
    <ClInclude Include="Framework\Core\BaseGame.h" />
    <ClInclude Include="Framework\Core\BaseScene.h" />
    <ClInclude Include="Framework\Core\GameObject.h" />
    <ClInclude Include="Framework\Core\ObjectPool.h" />
    <ClInclude Include="Framework\Core\PlayerPrefs.h" />
    <ClInclude Include="Framework\Core\SceneManager.h" />
    <ClInclude Include="Framework\Core\Transform.h" />
    <ClInclude Include="Framework\Core\Utility.h" />
    <ClInclude Include="Framework\Effect\InstancingMeshEffect.h" />
    <ClInclude Include="Framework\Effect\MophingEffect.h" />
    <ClInclude Include="Framework\Effect\RendererEffect.h" />
    <ClInclude Include="Framework\Effect\SpriteEffect.h" />
    <ClInclude Include="Framework\Input\Gamepad.h" />
    <ClInclude Include="Framework\Input\input.h" />
    <ClInclude Include="Framework\Input\Keyboard.h" />
    <ClInclude Include="Framework\Input\Mouse.h" />
    <ClInclude Include="Framework\Light\Light.h" />
    <ClInclude Include="Framework\Math\Easing.h" />
    <ClInclude Include="Framework\Math\Quaternion.h" />
    <ClInclude Include="Framework\Math\TMath.h" />
    <ClInclude Include="Framework\Math\Vector3.h" />
    <ClInclude Include="Framework\Network\PacketConfig.h" />
    <ClInclude Include="Framework\Network\UDPClient.h" />
    <ClInclude Include="Framework\Network\UDPServer.h" />
    <ClInclude Include="Framework\Particle\2D\AnimationParticle2D.h" />
    <ClInclude Include="Framework\Particle\2D\Particle2D.h" />
    <ClInclude Include="Framework\Particle\3D\AnimationParticle3D.h" />
    <ClInclude Include="Framework\Particle\BaseEmitter.h" />
    <ClInclude Include="Framework\Particle\BaseParticle.h" />
    <ClInclude Include="Framework\Particle\BaseParticleController.h" />
    <ClInclude Include="Framework\Particle\3D\Particle3D.h" />
    <ClInclude Include="Framework\Particle\ParticleJsonParser.h" />
    <ClInclude Include="Framework\Particle\ParticleRenderer.h" />
    <ClInclude Include="Framework\Particle\SceneParticleManager.h" />
    <ClInclude Include="Framework\Pattern\BaseObserver.h" />
    <ClInclude Include="Framework\Pattern\BaseSingleton.h" />
    <ClInclude Include="Framework\Pattern\BaseState.h" />
    <ClInclude Include="Framework\Pattern\Delegate.h" />
    <ClInclude Include="Framework\Pattern\ObserveSubject.h" />
    <ClInclude Include="Framework\PostEffect\BaseEffectController.h" />
    <ClInclude Include="Framework\PostEffect\BloomController.h" />
    <ClInclude Include="Framework\PostEffect\CrossFilterController.h" />
    <ClInclude Include="Framework\PostEffect\Effect\BloomFilter.h" />
    <ClInclude Include="Framework\PostEffect\Effect\BlurFilter.h" />
    <ClInclude Include="Framework\PostEffect\Effect\CrossBlurFilter.h" />
    <ClInclude Include="Framework\PostEffect\Effect\CRTFilter.h" />
    <ClInclude Include="Framework\PostEffect\Effect\MonotoneFilter.h" />
    <ClInclude Include="Framework\PostEffect\Effect\ShockBlur.h" />
    <ClInclude Include="Framework\PostEffect\Effect\SpeedBlurFilter.h" />
    <ClInclude Include="Framework\PostEffect\Effect\SpikeNoise.h" />
    <ClInclude Include="Framework\PostEffect\Effect\StrongBlurFilter.h" />
    <ClInclude Include="Framework\PostEffect\ScreenObject.h" />
    <ClInclude Include="Framework\PostEffect\ShockBlurController.h" />
    <ClInclude Include="Framework\PostEffect\SpeedBlurController.h" />
    <ClInclude Include="Framework\PostEffect\SpikeNoiseController.h" />
    <ClInclude Include="Framework\Renderer2D\CircleGauge.h" />
    <ClInclude Include="Framework\Renderer2D\Polygon2D.h" />
    <ClInclude Include="Framework\Renderer2D\TextViewer.h" />
    <ClInclude Include="Framework\Renderer3D\BillboardObject.h" />
    <ClInclude Include="Framework\Renderer3D\BillboardTransform.h" />
    <ClInclude Include="Framework\Renderer3D\BoardPolygon.h" />
    <ClInclude Include="Framework\Renderer3D\InstancingMeshContainer.h" />
    <ClInclude Include="Framework\Renderer3D\MeshContainer.h" />
    <ClInclude Include="Framework\Renderer3D\MophingMeshContainer.h" />
    <ClInclude Include="Framework\Renderer3D\SkyBox.h" />
    <ClInclude Include="Framework\Renderer3D\TransformObject.h" />
    <ClInclude Include="Framework\Renderer3D\Viewer3D.h" />
    <ClInclude Include="Framework\Resource\AnimationResource.h" />
    <ClInclude Include="Framework\Resource\MeshResource.h" />
    <ClInclude Include="Framework\Resource\PolygonResource.h" />
    <ClInclude Include="Framework\Resource\ResourceManager.h" />
    <ClInclude Include="Framework\Serial\SerialWrapper.h" />
    <ClInclude Include="Framework\Sound\BackgroundMusic.h" />
    <ClInclude Include="Framework\Sound\MusicClip.h" />
    <ClInclude Include="Framework\Sound\sound.h" />
    <ClInclude Include="Framework\Sound\SoundEffect.h" />
    <ClInclude Include="Framework\String\String.h" />
    <ClInclude Include="Framework\Task\DelayedTask.h" />
    <ClInclude Include="Framework\Task\PeriodicTask.h" />
    <ClInclude Include="Framework\Task\Task.h" />
    <ClInclude Include="Framework\Task\TaskManager.h" />
    <ClInclude Include="Framework\Tool\DebugWindow.h" />
    <ClInclude Include="Framework\Tool\ProfilerCPU.h" />
    <ClInclude Include="Framework\Transition\BaseTransitionMask.h" />
    <ClInclude Include="Framework\Transition\HexaPopTransitionMask.h" />
    <ClInclude Include="Framework\Transition\HexaRotTransitionMask.h" />
    <ClInclude Include="Framework\Transition\MistTransitionMask.h" />
    <ClInclude Include="Framework\Transition\TransitionController.h" />
    <ClInclude Include="Framework\Tween\Tween.h" />
    <ClInclude Include="Library\cppLinq\cpplinq.hpp" />
    <ClInclude Include="Library\imgui\imconfig.h" />
    <ClInclude Include="Library\imgui\imgui.h" />
    <ClInclude Include="Library\imgui\imgui_impl_dx9.h" />
    <ClInclude Include="Library\imgui\imgui_impl_win32.h" />
    <ClInclude Include="Library\imgui\imgui_internal.h" />
    <ClInclude Include="Library\imgui\imstb_rectpack.h" />
    <ClInclude Include="Library\imgui\imstb_textedit.h" />
    <ClInclude Include="Library\imgui\imstb_truetype.h" />
    <ClInclude Include="Library\json11\json11.hpp" />
    <ClInclude Include="Library\nameof\nameof.hpp" />
    <ClInclude Include="Library\picojson\picojson.h" />
    <ClInclude Include="main.h" />
    <ClInclude Include="source\Effect\CityParticleManager.h" />
    <ClInclude Include="source\Effect\GameParticleManager.h" />
    <ClInclude Include="source\Effect\Game\General\AngryFace.h" />
    <ClInclude Include="source\Effect\Game\City\BlueDebris.h" />
    <ClInclude Include="source\Effect\Game\City\BlueSpark.h" />
    <ClInclude Include="source\Effect\Game\General\AuraEffect.h" />
    <ClInclude Include="source\Effect\Game\General\Cloud.h" />
    <ClInclude Include="source\Effect\Game\General\EventInfo.h" />
    <ClInclude Include="source\Effect\Game\Space\Blackhole.h" />
    <ClInclude Include="source\Effect\Game\Space\StarDust.h" />
    <ClInclude Include="source\Effect\Game\World\Bubble.h" />
    <ClInclude Include="source\Effect\Game\General\ColorfulDebris.h" />
    <ClInclude Include="source\Effect\Game\General\Darkness.h" />
    <ClInclude Include="source\Effect\Game\General\LinkLevelUp.h" />
    <ClInclude Include="source\Effect\Game\Space\MoveTail.h" />
    <ClInclude Include="source\Effect\Game\Space\SpaceTear.h" />
    <ClInclude Include="source\Effect\Game\Space\StarRoad.h" />
    <ClInclude Include="source\Effect\Game\General\TownExplosion.h" />
    <ClInclude Include="source\Effect\Game\General\ExplosionFlare.h" />
    <ClInclude Include="source\Effect\Game\General\MeteorExplosion.h" />
    <ClInclude Include="source\Effect\Game\World\WaterSmog.h" />
    <ClInclude Include="source\Effect\Game\General\WhiteSmog.h" />
    <ClInclude Include="source\Effect\Game\World\WhirlPoolBubble.h" />
    <ClInclude Include="source\Effect\SpaceParticleManager.h" />
    <ClInclude Include="source\Effect\TestParticleCamera.h" />
    <ClInclude Include="source\Effect\TestParticleManager.h" />
    <ClInclude Include="source\Effect\WorldParticleManager.h" />
    <ClInclude Include="source\Event\EventActor\EventActorBase.h" />
    <ClInclude Include="source\Event\EventActor\PlanetActor.h" />
    <ClInclude Include="source\Event\EventActor\UFOActor.h" />
    <ClInclude Include="source\Event\EventBase.h" />
    <ClInclude Include="source\Event\EventConfig.h" />
    <ClInclude Include="source\Event\EventController.h" />
    <ClInclude Include="source\Event\MinusEvent\AILevelDecreaseEvent.h" />
    <ClInclude Include="source\Event\MinusEvent\BanStockUseEvent.h" />
    <ClInclude Include="source\Event\MinusEvent\BeatGame.h" />
    <ClInclude Include="source\Event\MinusEvent\CityDestroyEvent.h" />
    <ClInclude Include="source\Event\MinusEvent\LinkLevelDecreaseEvent.h" />
    <ClInclude Include="source\Event\PlusEvent\AILevelUpEvent.h" />
    <ClInclude Include="source\Event\PlusEvent\AllLinkLevelUpEvent.h" />
    <ClInclude Include="source\Event\PlusEvent\CreateNewTown\NewTownEvent_City.h" />
    <ClInclude Include="source\Event\PlusEvent\CreateNewTown\NewTownEvent_Space.h" />
    <ClInclude Include="source\Event\PlusEvent\CreateNewTown\NewTownEvent_World.h" />
    <ClInclude Include="source\Event\PlusEvent\LinkLevelUpEvent.h" />
    <ClInclude Include="source\Event\PlusEvent\FamousPeopleEvent.h" />
    <ClInclude Include="source\Event\PlusEvent\CreateNewTown\NewTownEventCtrl.h" />
    <ClInclude Include="source\Event\PlusEvent\StockRecoveryEvent.h" />
    <ClInclude Include="source\Event\PlusEvent\TimeRecoveryEvent.h" />
    <ClInclude Include="source\FieldObject\Actor\BridgeActor.h" />
    <ClInclude Include="source\FieldObject\Actor\CityActor.h" />
    <ClInclude Include="source\FieldObject\Actor\CrossJunctionActor.h" />
    <ClInclude Include="source\FieldObject\Actor\CurveRoadActor.h" />
    <ClInclude Include="source\FieldObject\Actor\MountainActor.h" />
    <ClInclude Include="source\FieldObject\Actor\NoneActor.h" />
    <ClInclude Include="source\FieldObject\Actor\PlaceActor.h" />
    <ClInclude Include="source\FieldObject\Actor\RiverActor.h" />
    <ClInclude Include="source\FieldObject\Actor\StraightRoadActor.h" />
    <ClInclude Include="source\FieldObject\Actor\TJunctionActor.h" />
    <ClInclude Include="source\FieldObject\Animation\ActorAnimation.h" />
    <ClInclude Include="source\FieldObject\InfoController.h" />
    <ClInclude Include="source\FieldObject\Infomation\InfoActor.h" />
    <ClInclude Include="source\FieldObject\Infomation\InfoDigit.h" />
    <ClInclude Include="source\FieldObject\Infomation\LinkInfoActor.h" />
    <ClInclude Include="source\FieldObject\PassengerController.h" />
    <ClInclude Include="source\FieldObject\Passenger\PassengerActor.h" />
    <ClInclude Include="source\Field\ActorLoader.h" />
    <ClInclude Include="source\Field\Along\AlongActor.h" />
    <ClInclude Include="source\Field\Along\AlongController.h" />
    <ClInclude Include="source\Field\Along\AlongModel.h" />
    <ClInclude Include="source\FieldObject\Passenger\PassengerModel.h" />
    <ClInclude Include="source\Field\AStar\AStarController.h" />
    <ClInclude Include="source\Field\Camera\EventCamera.h" />
    <ClInclude Include="source\Field\Camera\FieldCamera.h" />
    <ClInclude Include="source\Field\Camera\Plugin\FieldCameraTranslationPlugin.h" />
    <ClInclude Include="source\Field\Camera\State\FieldCameraArround.h" />
    <ClInclude Include="source\Field\Camera\State\FieldCameraFar.h" />
    <ClInclude Include="source\Field\Camera\State\FieldCameraQuater.h" />
    <ClInclude Include="source\Field\Camera\State\FieldCameraRotate.h" />
    <ClInclude Include="source\Field\Camera\State\FieldCameraTransitionIn.h" />
    <ClInclude Include="source\Field\Camera\State\FIeldCameraTransitionOut.h" />
    <ClInclude Include="source\Field\Controller\FieldDevelopper.h" />
    <ClInclude Include="source\Field\FieldConfig.h" />
    <ClInclude Include="source\Field\FieldController.h" />
    <ClInclude Include="source\Field\Object\BackGroundContainer.h" />
    <ClInclude Include="source\Field\Object\CityBackGroundContainer.h" />
    <ClInclude Include="source\Field\Object\FieldCursor.h" />
    <ClInclude Include="source\Field\FieldEventHandler.h" />
    <ClInclude Include="source\Field\Object\FieldGround.h" />
    <ClInclude Include="source\Field\Controller\FieldInput.h" />
    <ClInclude Include="source\Field\Object\FieldSkyBox.h" />
    <ClInclude Include="source\Field\Object\SpaceBackGroundContainer.h" />
    <ClInclude Include="source\Field\Object\WaterHeightController.h" />
    <ClInclude Include="source\Field\Object\WorldBackGroundContainer.h" />
    <ClInclude Include="source\Field\PlaceActorController.h" />
    <ClInclude Include="source\Field\Place\FieldJunctionModel.h" />
    <ClInclude Include="source\Field\Place\FieldPlaceContainer.h" />
    <ClInclude Include="source\Field\Place\FieldPlaceModel.h" />
    <ClInclude Include="source\Field\Place\FieldTownModel.h" />
    <ClInclude Include="source\Field\Place\OperatePlaceContainer.h" />
    <ClInclude Include="source\Field\Place\PlaceConfig.h" />
    <ClInclude Include="source\Field\Route\RouteModel.h" />
    <ClInclude Include="source\Field\Route\RouteProcessor.h" />
    <ClInclude Include="source\Field\State\BuildRoad.h" />
    <ClInclude Include="source\Field\State\FieldControllerIdle.h" />
    <ClInclude Include="source\Field\State\UseItem.h" />
    <ClInclude Include="source\GameConfig.h" />
    <ClInclude Include="source\GameMain.h" />
    <ClInclude Include="source\Reward\AchieveViewer.h" />
    <ClInclude Include="source\Reward\MaxCheckReward.h" />
    <ClInclude Include="source\Reward\RewardConfig.h" />
    <ClInclude Include="source\Reward\StateReward.h" />
    <ClInclude Include="source\Reward\CountupReward.h" />
    <ClInclude Include="source\Reward\Reward.h" />
    <ClInclude Include="source\Reward\RewardController.h" />
    <ClInclude Include="source\Scene\GameScene.h" />
    <ClInclude Include="source\Scene\GameState\GameFarView.h" />
    <ClInclude Include="source\Scene\GameState\GameFinish.h" />
    <ClInclude Include="source\Scene\GameState\GameIdle.h" />
    <ClInclude Include="source\Scene\GameState\GameInit.h" />
    <ClInclude Include="source\Scene\GameState\GameLevelUp.h" />
    <ClInclude Include="source\Scene\GameState\GamePause.h" />
    <ClInclude Include="source\Scene\GameState\GameResult.h" />
    <ClInclude Include="source\Scene\GameState\GameTitle.h" />
    <ClInclude Include="source\Scene\GameState\GameTransitionOut.h" />
    <ClInclude Include="source\Scene\GameState\GameTransitionIn.h" />
    <ClInclude Include="source\Scene\ModelViewScene.h" />
    <ClInclude Include="source\Scene\MophingTestScene.h" />
    <ClInclude Include="source\Scene\ParticleTestScene.h" />
    <ClInclude Include="source\Scene\ResultScene.h" />
    <ClInclude Include="source\Scene\TitleScene.h" />
    <ClInclude Include="source\Score\Score.h" />
    <ClInclude Include="source\Shader\RiverEffect.h" />
    <ClInclude Include="source\Shader\WhirlPoolEffect.h" />
    <ClInclude Include="source\SubScreen\SubScreen.h" />
    <ClInclude Include="source\Viewer\Framework\BaseViewer.h" />
    <ClInclude Include="source\Viewer\Framework\ViewerAnimater\ViewerAnimater.h" />
    <ClInclude Include="source\Viewer\Framework\ViewerDrawer\BaseTextureDrawer.h" />
    <ClInclude Include="source\Viewer\Framework\ViewerDrawer\BaseViewerDrawer.h" />
    <ClInclude Include="source\Viewer\Framework\ViewerDrawer\CountViewerDrawer.h" />
    <ClInclude Include="source\Viewer\Framework\ViewerDrawer\PolygonDrawer.h" />
    <ClInclude Include="source\Viewer\Framework\ViewerDrawer\RotateViewerDrawer.h" />
    <ClInclude Include="source\Viewer\Framework\ViewerDrawer\TextureDrawer.h" />
    <ClInclude Include="source\Viewer\GameScene\BeatGameViewer\BeatGaugeViewer.h" />
    <ClInclude Include="source\Viewer\GameScene\BeatGameViewer\BeatResultViewer.h" />
    <ClInclude Include="source\Viewer\GameScene\BeatGameViewer\BeatStarterViewer.h" />
    <ClInclude Include="source\Viewer\GameScene\BeatGameViewer\BeatTimerViewer.h" />
    <ClInclude Include="source\Viewer\GameScene\BeatGameViewer\BeatTitleViewer.h" />
    <ClInclude Include="source\Viewer\GameScene\Controller\NameEntryViewer.h" />
    <ClInclude Include="source\Viewer\GameScene\Controller\ResultViewer.h" />
    <ClInclude Include="source\Viewer\GameScene\EventViewer\SealItemStockViewer.h" />
    <ClInclude Include="source\Viewer\GameScene\Controller\BeatGameViewer.h" />
    <ClInclude Include="source\Viewer\GameScene\EventViewer\EventMessage.h" />
    <ClInclude Include="source\Viewer\GameScene\EventViewer\EventTelop.h" />
    <ClInclude Include="source\Viewer\GameScene\Controller\EventViewer.h" />
    <ClInclude Include="source\Viewer\GameScene\GuideViewer\GuideCallOutViewer.h" />
    <ClInclude Include="source\Viewer\GameScene\NameEntryViewer\NameEntryInput.h" />
    <ClInclude Include="source\Viewer\GameScene\FieldViewer\FieldErrorMessage.h" />
    <ClInclude Include="source\Viewer\GameScene\Controller\FieldViewer.h" />
    <ClInclude Include="source\Viewer\GameScene\FieldViewer\LinkLevelUpViewer.h" />
    <ClInclude Include="source\Viewer\GameScene\FieldViewer\OperationExplanationViewer.h" />
    <ClInclude Include="source\Viewer\GameScene\Controller\GameViewer.h" />
    <ClInclude Include="source\Viewer\GameScene\ParameterContainer\GameViewerParam.h" />
    <ClInclude Include="source\Viewer\GameScene\GameViewer\LevelViewer.h" />
    <ClInclude Include="source\Viewer\GameScene\GameViewer\ItemStockViewer.h" />
    <ClInclude Include="source\Viewer\GameScene\GameViewer\TimerViewer.h" />
    <ClInclude Include="source\Viewer\GameScene\GuideViewer\GuideActor.h" />
    <ClInclude Include="source\Viewer\GameScene\GuideViewer\GuideCamera.h" />
    <ClInclude Include="source\Viewer\GameScene\GuideViewer\GuideViewer.h" />
    <ClInclude Include="source\Viewer\GameScene\GuideViewer\GuideViewerBG.h" />
    <ClInclude Include="source\Viewer\GameScene\ParameterContainer\ResultViewerParam.h" />
    <ClInclude Include="source\Viewer\GameScene\NameEntryViewer\NameEntryReelViewer.h" />
    <ClInclude Include="source\Viewer\GameScene\ResultViewer\ResultScoreViewer.h" />
    <ClInclude Include="source\Viewer\NameViewer\NameViewer.h" />
    <ClInclude Include="source\Viewer\TitleScene\SelectCamera.h" />
    <ClInclude Include="source\Viewer\TitleScene\SelectLogo.h" />
    <ClInclude Include="source\Viewer\TitleScene\SelectViewer.h" />
    <ClInclude Include="source\Viewer\TitleScene\TitleLogo.h" />
    <ClInclude Include="source\Viewer\TitleScene\TitleViewer.h" />
    <ClInclude Include="source\Effect\Game\General\PunchEffect.h" />
    <ClInclude Include="source\Viewer\GameScene\GameViewer\GradeUpViewer.h" />
    <ClInclude Include="source\Viewer\GameScene\GameViewer\GradeNameViewer.h" />
    <ClInclude Include="source\Viewer\GameScene\GameViewer\GradeFrameViewer.h" />
    <ClInclude Include="source\Effect\Game\General\GaugeDebris.h" />
    <ClInclude Include="source\Viewer\TitleScene\RewardViewer.h" />
    <ClInclude Include="source\Reward\RewardNotifier.h" />
    <ClInclude Include="Framework\Renderer3D\MeshField.h" />
    <ClInclude Include="source\Field\Object\SpaceGrid.h" />
    <ClInclude Include="source\Shader\SpaceGridEffect.h" />
    <ClInclude Include="source\Viewer\GameScene\NameEntryViewer\NameEntryBgViewer.h" />
    <ClInclude Include="Framework\Resource\FontManager.h" />
    <ClInclude Include="source\Sound\SoundConfig.h" />
    <ClInclude Include="source\Sound\PlayBGM.h" />
    <ClInclude Include="source\Viewer\NameViewer\Name.h" />
    <ClInclude Include="source\Viewer\GameScene\GameViewer\TimeUpViewer.h" />
    <ClInclude Include="source\Viewer\GameScene\ResultViewer\ResultAchieveViewer.h" />
    <ClInclude Include="source\Scene\GameState\GameAchieveResult.h" />
    <ClInclude Include="source\ModelView\ModelViewCamera.h" />
    <ClInclude Include="source\Booth\BoothController.h" />
    <ClInclude Include="source\Presen\PresenDebugController.h" />
    <ClInclude Include="source\Effect\Game\General\EventHappen.h" />
    <ClInclude Include="source\Effect\Game\General\RouteEffect.h" />
    <ClInclude Include="Framework\Tool\MemoryDetect.h" />
    <ClInclude Include="source\Effect\Game\General\Linkup.h" />
    <ClInclude Include="source\Scene\GameState\GameTutorial.h" />
    <ClInclude Include="source\Field\Object\TutorialBackGroundContainer.h" />
  </ItemGroup>
  <ItemGroup>
    <None Include="imgui.ini" />
  </ItemGroup>
</Project>