<?xml version="1.0" encoding="utf-8"?>
<Project ToolsVersion="4.0" xmlns="http://schemas.microsoft.com/developer/msbuild/2003">
  <ItemGroup>
    <ClCompile Include="Framework\Animation\AnimationManager.cpp" />
    <ClCompile Include="Framework\Animation\AnimContainer.cpp" />
    <ClCompile Include="Framework\Animation\MyAllocateHierarchy.cpp" />
    <ClCompile Include="Framework\Camera\Camera.cpp" />
    <ClCompile Include="Framework\Camera\CameraShakePlugin.cpp" />
    <ClCompile Include="Framework\Collider\BaseCollider.cpp" />
    <ClCompile Include="Framework\Collider\BoxCollider3D.cpp" />
    <ClCompile Include="Framework\Collider\ColliderManager.cpp" />
    <ClCompile Include="Framework\Core\BaseGame.cpp" />
    <ClCompile Include="Framework\Core\GameObject.cpp" />
    <ClCompile Include="Framework\Core\SceneManager.cpp" />
    <ClCompile Include="Framework\Core\Transform.cpp" />
    <ClCompile Include="Framework\Input\Gamepad.cpp" />
    <ClCompile Include="Framework\Input\input.cpp" />
    <ClCompile Include="Framework\Input\Keyboard.cpp" />
    <ClCompile Include="Framework\Input\Mouse.cpp" />
    <ClCompile Include="Framework\Math\Quaternion.cpp" />
    <ClCompile Include="Framework\Math\Vector3.cpp" />
    <ClCompile Include="Framework\Particle\AnimationParticle.cpp" />
    <ClCompile Include="Framework\Particle\BaseEmitter.cpp" />
    <ClCompile Include="Framework\Particle\BaseParticle.cpp" />
    <ClCompile Include="Framework\Particle\BaseParticleController.cpp" />
    <ClCompile Include="Framework\Particle\ParticleJsonParser.cpp" />
    <ClCompile Include="Framework\Particle\ParticleRenderer.cpp" />
    <ClCompile Include="Framework\Particle\SceneParticleManager.cpp" />
    <ClCompile Include="Framework\Pattern\ObserveSubject.cpp" />
    <ClCompile Include="Framework\PostEffect\Effect\BloomFilter.cpp" />
    <ClCompile Include="Framework\PostEffect\Effect\BlurFilter.cpp" />
    <ClCompile Include="Framework\PostEffect\Effect\CrossBlurFilter.cpp" />
    <ClCompile Include="Framework\PostEffect\Effect\MonotoneFilter.cpp" />
    <ClCompile Include="Framework\PostEffect\Effect\ShockBlur.cpp" />
    <ClCompile Include="Framework\PostEffect\Effect\SpeedBlurFilter.cpp" />
    <ClCompile Include="Framework\PostEffect\Effect\SpikeNoise.cpp" />
    <ClCompile Include="Framework\PostEffect\Effect\StrongBlurFilter.cpp" />
    <ClCompile Include="Framework\PostEffect\BaseEffectController.cpp" />
    <ClCompile Include="Framework\PostEffect\BloomController.cpp" />
    <ClCompile Include="Framework\PostEffect\CrossFilterController.cpp" />
    <ClCompile Include="Framework\PostEffect\PostEffectManager.cpp" />
    <ClCompile Include="Framework\PostEffect\ScreenObject.cpp" />
    <ClCompile Include="Framework\PostEffect\ShockBlurController.cpp" />
    <ClCompile Include="Framework\PostEffect\SpeedBlurController.cpp" />
    <ClCompile Include="Framework\PostEffect\SpikeNoiseController.cpp" />
    <ClCompile Include="Framework\Renderer2D\Polygon2D.cpp" />
    <ClCompile Include="Framework\Renderer3D\BillboardObject.cpp" />
    <ClCompile Include="Framework\Renderer3D\BillboardTransform.cpp" />
    <ClCompile Include="Framework\Renderer3D\BoardPolygon.cpp" />
    <ClCompile Include="Framework\Renderer3D\MeshContainer.cpp" />
    <ClCompile Include="Framework\Renderer3D\TransformObject.cpp" />
    <ClCompile Include="Framework\Resource\ResourceManager.cpp" />
    <ClCompile Include="Framework\Task\DelayedTask.cpp" />
    <ClCompile Include="Framework\Task\PeriodicTask.cpp" />
    <ClCompile Include="Framework\Task\Task.cpp" />
    <ClCompile Include="Framework\Task\TaskManager.cpp" />
    <ClCompile Include="Framework\Tool\DebugWindow.cpp" />
    <ClCompile Include="Framework\Tool\ProfilerCPU.cpp" />
    <ClCompile Include="Framework\Transition\BaseTransitionMask.cpp" />
    <ClCompile Include="Framework\Transition\HexaPopTransitionMask.cpp" />
    <ClCompile Include="Framework\Transition\HexaRotTransitionMask.cpp" />
    <ClCompile Include="Framework\Transition\MistTransitionMask.cpp" />
    <ClCompile Include="Framework\Transition\TransitionController.cpp" />
    <ClCompile Include="Framework\Tween\Tween.cpp" />
    <ClCompile Include="main.cpp" />
    <ClCompile Include="source\GameMain.cpp" />
    <ClCompile Include="source\Scene\GameScene.cpp" />
    <ClCompile Include="source\Scene\TitleScene.cpp" />
    <ClCompile Include="source\Scene\ResultScene.cpp" />
    <ClCompile Include="Framework\Light\Light.cpp" />
    <ClCompile Include="Framework\Renderer3D\SkyBox.cpp" />
    <ClCompile Include="source\Scene\GameState\GameInit.cpp" />
    <ClCompile Include="source\Scene\GameState\GameIdle.cpp" />
    <ClCompile Include="source\Field\FieldCursor.cpp" />
    <ClCompile Include="source\Field\FieldGround.cpp" />
    <ClCompile Include="source\Field\FieldController.cpp" />
    <ClCompile Include="source\Field\Camera\FieldCamera.cpp" />
    <ClCompile Include="source\Field\Camera\FieldCameraQuater.cpp" />
    <ClCompile Include="source\Field\Camera\FieldCameraFar.cpp" />
    <ClCompile Include="Framework\Renderer2D\TextViewer.cpp" />
    <ClCompile Include="source\Field\Place\FieldPlaceModel.cpp" />
    <ClCompile Include="Library\imgui\imgui.cpp" />
    <ClCompile Include="Library\imgui\imgui_demo.cpp" />
    <ClCompile Include="Library\imgui\imgui_draw.cpp" />
    <ClCompile Include="Library\imgui\imgui_impl_dx9.cpp" />
    <ClCompile Include="Library\imgui\imgui_impl_win32.cpp" />
    <ClCompile Include="Library\imgui\imgui_widgets.cpp" />
    <ClCompile Include="Library\json11\json11.cpp" />
    <ClCompile Include="source\Field\Place\FieldPlaceContainer.cpp" />
    <ClCompile Include="Framework\String\String.cpp" />
    <ClCompile Include="source\Field\Route\RouteModel.cpp" />
    <ClCompile Include="source\Field\Route\RouteProcessor.cpp" />
    <ClCompile Include="source\Field\State\BuildRoad.cpp" />
    <ClCompile Include="source\Field\State\FieldControllerIdle.cpp" />
    <ClCompile Include="source\Field\State\UseItem.cpp" />
    <ClCompile Include="source\Field\Place\OperatePlaceContainer.cpp" />
    <ClCompile Include="source\Field\FieldInputController.cpp" />
    <ClCompile Include="source\Field\Place\FieldTownModel.cpp" />
    <ClCompile Include="source\Field\Place\FieldJunctionModel.cpp" />
    <ClCompile Include="Framework\Resource\MeshResource.cpp" />
    <ClCompile Include="Framework\Renderer2D\CircleGauge.cpp" />
    <ClCompile Include="source\FieldObject\Info\CongestionFieldInfoState.cpp" />
    <ClCompile Include="source\FieldObject\Info\ConnectFieldInfoState.cpp" />
    <ClCompile Include="source\FieldObject\Info\CreateFieldInfoState.cpp" />
    <ClCompile Include="source\FieldObject\Info\FieldInfoActor.cpp" />
    <ClCompile Include="source\FieldObject\Info\IdleFieldInfoState.cpp" />
    <ClCompile Include="source\FieldObject\Info\LinkFieldInfoState.cpp" />
    <ClCompile Include="source\FieldObject\Info\RemoveFieldInfoState.cpp" />
    <ClCompile Include="source\FieldObject\Item\ItemActor.cpp" />
    <ClCompile Include="source\FieldObject\Item\ItemModel.cpp" />
    <ClCompile Include="source\FieldObject\Passenger\PassengerActor.cpp" />
    <ClCompile Include="source\FieldObject\Actor\CityActor.cpp" />
    <ClCompile Include="source\FieldObject\Actor\CrossJunctionActor.cpp" />
    <ClCompile Include="source\FieldObject\Actor\CurveRoadActor.cpp" />
    <ClCompile Include="source\FieldObject\Actor\MountainActor.cpp" />
    <ClCompile Include="source\FieldObject\Actor\RiverActor.cpp" />
    <ClCompile Include="source\FieldObject\Actor\StraightRoadActor.cpp" />
    <ClCompile Include="source\FieldObject\Actor\TJunctionActor.cpp" />
    <ClCompile Include="source\FieldObject\Actor\PlaceActor.cpp" />
  </ItemGroup>
  <ItemGroup>
    <ClInclude Include="Framework\Animation\AnimationManager.h" />
    <ClInclude Include="Framework\Animation\AnimContainer.h" />
    <ClInclude Include="Framework\Animation\MyAllocateHierarchy.h" />
    <ClInclude Include="Framework\Camera\Camera.h" />
    <ClInclude Include="Framework\Camera\CameraShakePlugin.h" />
    <ClInclude Include="Framework\Collider\BaseCollider.h" />
    <ClInclude Include="Framework\Collider\BoxCollider3D.h" />
    <ClInclude Include="Framework\Collider\ColliderManager.h" />
    <ClInclude Include="Framework\Collider\ColliderObserver.h" />
    <ClInclude Include="Framework\Core\BaseGame.h" />
    <ClInclude Include="Framework\Core\BaseScene.h" />
    <ClInclude Include="Framework\Core\GameObject.h" />
    <ClInclude Include="Framework\Core\SceneManager.h" />
    <ClInclude Include="Framework\Core\Transform.h" />
    <ClInclude Include="Framework\Core\Utility.h" />
    <ClInclude Include="Framework\Input\Gamepad.h" />
    <ClInclude Include="Framework\Input\input.h" />
    <ClInclude Include="Framework\Input\Keyboard.h" />
    <ClInclude Include="Framework\Input\Mouse.h" />
    <ClInclude Include="Framework\Math\Easing.h" />
    <ClInclude Include="Framework\Math\Quaternion.h" />
    <ClInclude Include="Framework\Math\TMath.h" />
    <ClInclude Include="Framework\Math\Vector3.h" />
    <ClInclude Include="Framework\Particle\AnimationParticle.h" />
    <ClInclude Include="Framework\Particle\BaseEmitter.h" />
    <ClInclude Include="Framework\Particle\BaseParticle.h" />
    <ClInclude Include="Framework\Particle\BaseParticleController.h" />
    <ClInclude Include="Framework\Particle\ParticleJsonParser.h" />
    <ClInclude Include="Framework\Particle\ParticleRenderer.h" />
    <ClInclude Include="Framework\Particle\SceneParticleManager.h" />
    <ClInclude Include="Framework\Pattern\BaseObserver.h" />
    <ClInclude Include="Framework\Pattern\BaseSingleton.h" />
    <ClInclude Include="Framework\Pattern\BaseState.h" />
    <ClInclude Include="Framework\Pattern\Delegate.h" />
    <ClInclude Include="Framework\Pattern\ObserveSubject.h" />
    <ClInclude Include="Framework\PostEffect\Effect\BloomFilter.h" />
    <ClInclude Include="Framework\PostEffect\Effect\BlurFilter.h" />
    <ClInclude Include="Framework\PostEffect\Effect\CrossBlurFilter.h" />
    <ClInclude Include="Framework\PostEffect\Effect\MonotoneFilter.h" />
    <ClInclude Include="Framework\PostEffect\Effect\ShockBlur.h" />
    <ClInclude Include="Framework\PostEffect\Effect\SpeedBlurFilter.h" />
    <ClInclude Include="Framework\PostEffect\Effect\SpikeNoise.h" />
    <ClInclude Include="Framework\PostEffect\Effect\StrongBlurFilter.h" />
    <ClInclude Include="Framework\PostEffect\BaseEffectController.h" />
    <ClInclude Include="Framework\PostEffect\BloomController.h" />
    <ClInclude Include="Framework\PostEffect\CrossFilterController.h" />
    <ClInclude Include="Framework\PostEffect\PostEffectManager.h" />
    <ClInclude Include="Framework\PostEffect\ScreenObject.h" />
    <ClInclude Include="Framework\PostEffect\ShockBlurController.h" />
    <ClInclude Include="Framework\PostEffect\SpeedBlurController.h" />
    <ClInclude Include="Framework\PostEffect\SpikeNoiseController.h" />
    <ClInclude Include="Framework\Renderer2D\Polygon2D.h" />
    <ClInclude Include="Framework\Renderer3D\BillboardObject.h" />
    <ClInclude Include="Framework\Renderer3D\BillboardTransform.h" />
    <ClInclude Include="Framework\Renderer3D\BoardPolygon.h" />
    <ClInclude Include="Framework\Renderer3D\MeshContainer.h" />
    <ClInclude Include="Framework\Renderer3D\TransformObject.h" />
    <ClInclude Include="Framework\Resource\ResourceManager.h" />
    <ClInclude Include="Framework\Task\DelayedTask.h" />
    <ClInclude Include="Framework\Task\PeriodicTask.h" />
    <ClInclude Include="Framework\Task\Task.h" />
    <ClInclude Include="Framework\Task\TaskManager.h" />
    <ClInclude Include="Framework\Tool\DebugWindow.h" />
    <ClInclude Include="Framework\Tool\ProfilerCPU.h" />
    <ClInclude Include="Framework\Transition\BaseTransitionMask.h" />
    <ClInclude Include="Framework\Transition\HexaPopTransitionMask.h" />
    <ClInclude Include="Framework\Transition\HexaRotTransitionMask.h" />
    <ClInclude Include="Framework\Transition\MistTransitionMask.h" />
    <ClInclude Include="Framework\Transition\TransitionController.h" />
    <ClInclude Include="Framework\Tween\Tween.h" />
    <ClInclude Include="main.h" />
    <ClInclude Include="source\GameMain.h" />
    <ClInclude Include="source\GameConfig.h" />
    <ClInclude Include="source\Scene\GameScene.h" />
    <ClInclude Include="source\Scene\TitleScene.h" />
    <ClInclude Include="source\Scene\ResultScene.h" />
    <ClInclude Include="Framework\Light\Light.h" />
    <ClInclude Include="Framework\Renderer3D\SkyBox.h" />
    <ClInclude Include="source\Scene\GameState\GameInit.h" />
    <ClInclude Include="source\Scene\GameState\GameIdle.h" />
    <ClInclude Include="source\Field\FieldCursor.h" />
    <ClInclude Include="source\Field\FieldGround.h" />
    <ClInclude Include="source\Field\FieldController.h" />
    <ClInclude Include="source\Field\Camera\FieldCamera.h" />
    <ClInclude Include="source\Field\Camera\FieldCameraQuater.h" />
    <ClInclude Include="source\Field\Camera\FieldCameraFar.h" />
    <ClInclude Include="Framework\Renderer2D\TextViewer.h" />
    <ClInclude Include="source\Field\Place\FieldPlaceModel.h" />
    <ClInclude Include="source\Field\Place\PlaceConfig.h" />
    <ClInclude Include="Library\cppLinq\cpplinq.hpp" />
    <ClInclude Include="Library\imgui\imconfig.h" />
    <ClInclude Include="Library\imgui\imgui.h" />
    <ClInclude Include="Library\imgui\imgui_impl_dx9.h" />
    <ClInclude Include="Library\imgui\imgui_impl_win32.h" />
    <ClInclude Include="Library\imgui\imgui_internal.h" />
    <ClInclude Include="Library\imgui\imstb_rectpack.h" />
    <ClInclude Include="Library\imgui\imstb_textedit.h" />
    <ClInclude Include="Library\imgui\imstb_truetype.h" />
    <ClInclude Include="Library\json11\json11.hpp" />
    <ClInclude Include="source\Field\Place\FieldPlaceContainer.h" />
    <ClInclude Include="Framework\String\String.h" />
    <ClInclude Include="source\Field\Route\RouteModel.h" />
    <ClInclude Include="source\Field\Route\RouteProcessor.h" />
    <ClInclude Include="source\Field\State\BuildRoad.h" />
    <ClInclude Include="source\Field\State\FieldControllerIdle.h" />
    <ClInclude Include="source\Field\State\UseItem.h" />
    <ClInclude Include="source\Field\Place\OperatePlaceContainer.h" />
    <ClInclude Include="source\Field\FieldConfig.h" />
    <ClInclude Include="source\Field\FieldInputController.h" />
    <ClInclude Include="source\Field\Place\FieldTownModel.h" />
    <ClInclude Include="source\Field\Place\FieldJunctionModel.h" />
    <ClInclude Include="Framework\Resource\MeshResource.h" />
    <ClInclude Include="Framework\Renderer2D\CircleGauge.h" />
    <ClInclude Include="source\FieldObject\Info\CongestionFieldInfoState.h" />
    <ClInclude Include="source\FieldObject\Info\ConnectFieldInfoState.h" />
    <ClInclude Include="source\FieldObject\Info\CreateFieldInfoState.h" />
    <ClInclude Include="source\FieldObject\Info\FieldInfoActor.h" />
    <ClInclude Include="source\FieldObject\Info\IdleFieldInfoState.h" />
    <ClInclude Include="source\FieldObject\Info\LinkFieldInfoState.h" />
    <ClInclude Include="source\FieldObject\Info\RemoveFieldInfoState.h" />
    <ClInclude Include="source\FieldObject\Item\ItemActor.h" />
    <ClInclude Include="source\FieldObject\Item\ItemModel.h" />
    <ClInclude Include="source\FieldObject\Passenger\PassengerActor.h" />
    <ClInclude Include="source\FieldObject\Actor\CityActor.h" />
    <ClInclude Include="source\FieldObject\Actor\CrossJunctionActor.h" />
    <ClInclude Include="source\FieldObject\Actor\CurveRoadActor.h" />
    <ClInclude Include="source\FieldObject\Actor\MountainActor.h" />
    <ClInclude Include="source\FieldObject\Actor\RiverActor.h" />
    <ClInclude Include="source\FieldObject\Actor\StraightRoadActor.h" />
    <ClInclude Include="source\FieldObject\Actor\TJunctionActor.h" />
    <ClInclude Include="source\FieldObject\Actor\PlaceActor.h" />
  </ItemGroup>
</Project>